
Microsoft Visual Studio Solution File, Format Version 12.00
# Visual Studio Version 17
VisualStudioVersion = 17.5.002.0
MinimumVisualStudioVersion = 10.0.40219.1
Project("{9A19103F-16F7-4668-BE54-9A1E7A4F7556}") = "PetShop_c#", "PetShop_c#.csproj", "{4392CF13-735C-413B-818D-D306E68D4B5C}"
EndProject
Global
	GlobalSection(SolutionConfigurationPlatforms) = preSolution
		Debug|Any CPU = Debug|Any CPU
		Release|Any CPU = Release|Any CPU
	EndGlobalSection
	GlobalSection(ProjectConfigurationPlatforms) = postSolution
		{4392CF13-735C-413B-818D-D306E68D4B5C}.Debug|Any CPU.ActiveCfg = Debug|Any CPU
		{4392CF13-735C-413B-818D-D306E68D4B5C}.Debug|Any CPU.Build.0 = Debug|Any CPU
		{4392CF13-735C-413B-818D-D306E68D4B5C}.Release|Any CPU.ActiveCfg = Release|Any CPU
		{4392CF13-735C-413B-818D-D306E68D4B5C}.Release|Any CPU.Build.0 = Release|Any CPU
	EndGlobalSection
	GlobalSection(SolutionProperties) = preSolution
		HideSolutionNode = FALSE
	EndGlobalSection
	GlobalSection(ExtensibilityGlobals) = postSolution
		SolutionGuid = {FD0864FA-B287-4000-AAA5-9107E1CC9604}
	EndGlobalSection
EndGlobal
